{
  "version": 4,
  "terraform_version": "1.14.0",
  "serial": 3,
  "lineage": "bd5cc78e-0530-a8d5-7a57-f69409a5bfc3",
  "outputs": {},
  "resources": [
    {
      "mode": "managed",
      "type": "github_repository",
      "name": "demo_repo",
      "provider": "provider[\"registry.terraform.io/hashicorp/github\"]",
      "instances": [
        {
          "schema_version": 1,
          "attributes": {
            "allow_auto_merge": false,
            "allow_merge_commit": true,
            "allow_rebase_merge": true,
            "allow_squash_merge": true,
            "allow_update_branch": false,
            "archive_on_destroy": null,
            "archived": false,
            "auto_init": null,
            "default_branch": "main",
            "delete_branch_on_merge": false,
            "description": "Repository created by Terraform",
            "etag": "W/\"974286813e06ba4893843aa4ee04f49c92af6688622c4d19da393761add469e7\"",
            "fork": false,
            "full_name": "yoann-truchy/my-terraform-repo",
            "git_clone_url": "git://github.com/yoann-truchy/my-terraform-repo.git",
            "gitignore_template": null,
            "has_discussions": false,
            "has_downloads": false,
            "has_issues": false,
            "has_projects": false,
            "has_wiki": false,
            "homepage_url": "",
            "html_url": "https://github.com/yoann-truchy/my-terraform-repo",
            "http_clone_url": "https://github.com/yoann-truchy/my-terraform-repo.git",
            "id": "my-terraform-repo",
            "ignore_vulnerability_alerts_during_read": null,
            "is_template": false,
            "license_template": null,
            "merge_commit_message": "PR_TITLE",
            "merge_commit_title": "MERGE_MESSAGE",
            "name": "my-terraform-repo",
            "node_id": "R_kgDOQeD3yA",
            "pages": [],
            "primary_language": "",
            "private": true,
            "repo_id": 1105262536,
            "security_and_analysis": [],
            "source_owner": "",
            "source_repo": "",
            "squash_merge_commit_message": "COMMIT_MESSAGES",
            "squash_merge_commit_title": "COMMIT_OR_PR_TITLE",
            "ssh_clone_url": "git@github.com:yoann-truchy/my-terraform-repo.git",
            "svn_url": "https://github.com/yoann-truchy/my-terraform-repo",
            "template": [],
            "topics": [],
            "visibility": "private",
            "vulnerability_alerts": false,
            "web_commit_signoff_required": false
          },
          "sensitive_attributes": [],
          "identity_schema_version": 0,
          "private": "eyJzY2hlbWFfdmVyc2lvbiI6IjEifQ=="
        }
      ]
    }
  ],
  "check_results": null
}
